// !$*UTF8*$!
{
	archiveVersion = 1;
	classes = {
	};
	objectVersion = 50;
	objects = {

/* Begin PBXBuildFile section */
		C137F68F249929E500547F45 /* AppDelegate.swift in Sources */ = {isa = PBXBuildFile; fileRef = C137F68E249929E500547F45 /* AppDelegate.swift */; };
		C137F691249929E500547F45 /* SceneDelegate.swift in Sources */ = {isa = PBXBuildFile; fileRef = C137F690249929E500547F45 /* SceneDelegate.swift */; };
		C137F693249929E500547F45 /* ConversionViewController.swift in Sources */ = {isa = PBXBuildFile; fileRef = C137F692249929E500547F45 /* ConversionViewController.swift */; };
		C137F696249929E500547F45 /* Main.storyboard in Resources */ = {isa = PBXBuildFile; fileRef = C137F694249929E500547F45 /* Main.storyboard */; };
		C137F698249929E600547F45 /* Assets.xcassets in Resources */ = {isa = PBXBuildFile; fileRef = C137F697249929E600547F45 /* Assets.xcassets */; };
		C137F69B249929E600547F45 /* LaunchScreen.storyboard in Resources */ = {isa = PBXBuildFile; fileRef = C137F699249929E600547F45 /* LaunchScreen.storyboard */; };
		C137F6A6249929E700547F45 /* WorldTrotterTests.swift in Sources */ = {isa = PBXBuildFile; fileRef = C137F6A5249929E700547F45 /* WorldTrotterTests.swift */; };
		C137F6B1249929E700547F45 /* WorldTrotterUITests.swift in Sources */ = {isa = PBXBuildFile; fileRef = C137F6B0249929E700547F45 /* WorldTrotterUITests.swift */; };
		C137F6BF2499808100547F45 /* MapViewController.swift in Sources */ = {isa = PBXBuildFile; fileRef = C137F6BE2499808100547F45 /* MapViewController.swift */; };
/* End PBXBuildFile section */

/* Begin PBXContainerItemProxy section */
		C137F6A2249929E700547F45 /* PBXContainerItemProxy */ = {
			isa = PBXContainerItemProxy;
			containerPortal = C137F683249929E400547F45 /* Project object */;
			proxyType = 1;
			remoteGlobalIDString = C137F68A249929E500547F45;
			remoteInfo = WorldTrotter;
		};
		C137F6AD249929E700547F45 /* PBXContainerItemProxy */ = {
			isa = PBXContainerItemProxy;
			containerPortal = C137F683249929E400547F45 /* Project object */;
			proxyType = 1;
			remoteGlobalIDString = C137F68A249929E500547F45;
			remoteInfo = WorldTrotter;
		};
/* End PBXContainerItemProxy section */

/* Begin PBXFileReference section */
		C137F68B249929E500547F45 /* WorldTrotter.app */ = {isa = PBXFileReference; explicitFileType = wrapper.application; includeInIndex = 0; path = WorldTrotter.app; sourceTree = BUILT_PRODUCTS_DIR; };
		C137F68E249929E500547F45 /* AppDelegate.swift */ = {isa = PBXFileReference; lastKnownFileType = sourcecode.swift; path = AppDelegate.swift; sourceTree = "<group>"; };
		C137F690249929E500547F45 /* SceneDelegate.swift */ = {isa = PBXFileReference; lastKnownFileType = sourcecode.swift; path = SceneDelegate.swift; sourceTree = "<group>"; };
		C137F692249929E500547F45 /* ConversionViewController.swift */ = {isa = PBXFileReference; lastKnownFileType = sourcecode.swift; path = ConversionViewController.swift; sourceTree = "<group>"; };
		C137F695249929E500547F45 /* Base */ = {isa = PBXFileReference; lastKnownFileType = file.storyboard; name = Base; path = Base.lproj/Main.storyboard; sourceTree = "<group>"; };
		C137F697249929E600547F45 /* Assets.xcassets */ = {isa = PBXFileReference; lastKnownFileType = folder.assetcatalog; path = Assets.xcassets; sourceTree = "<group>"; };
		C137F69A249929E600547F45 /* Base */ = {isa = PBXFileReference; lastKnownFileType = file.storyboard; name = Base; path = Base.lproj/LaunchScreen.storyboard; sourceTree = "<group>"; };
		C137F69C249929E600547F45 /* Info.plist */ = {isa = PBXFileReference; lastKnownFileType = text.plist.xml; path = Info.plist; sourceTree = "<group>"; };
		C137F6A1249929E700547F45 /* WorldTrotterTests.xctest */ = {isa = PBXFileReference; explicitFileType = wrapper.cfbundle; includeInIndex = 0; path = WorldTrotterTests.xctest; sourceTree = BUILT_PRODUCTS_DIR; };
		C137F6A5249929E700547F45 /* WorldTrotterTests.swift */ = {isa = PBXFileReference; lastKnownFileType = sourcecode.swift; path = WorldTrotterTests.swift; sourceTree = "<group>"; };
		C137F6A7249929E700547F45 /* Info.plist */ = {isa = PBXFileReference; lastKnownFileType = text.plist.xml; path = Info.plist; sourceTree = "<group>"; };
		C137F6AC249929E700547F45 /* WorldTrotterUITests.xctest */ = {isa = PBXFileReference; explicitFileType = wrapper.cfbundle; includeInIndex = 0; path = WorldTrotterUITests.xctest; sourceTree = BUILT_PRODUCTS_DIR; };
		C137F6B0249929E700547F45 /* WorldTrotterUITests.swift */ = {isa = PBXFileReference; lastKnownFileType = sourcecode.swift; path = WorldTrotterUITests.swift; sourceTree = "<group>"; };
		C137F6B2249929E700547F45 /* Info.plist */ = {isa = PBXFileReference; lastKnownFileType = text.plist.xml; path = Info.plist; sourceTree = "<group>"; };
		C137F6BE2499808100547F45 /* MapViewController.swift */ = {isa = PBXFileReference; lastKnownFileType = sourcecode.swift; path = MapViewController.swift; sourceTree = "<group>"; };
/* End PBXFileReference section */

/* Begin PBXFrameworksBuildPhase section */
		C137F688249929E500547F45 /* Frameworks */ = {
			isa = PBXFrameworksBuildPhase;
			buildActionMask = 2147483647;
			files = (
			);
			runOnlyForDeploymentPostprocessing = 0;
		};
		C137F69E249929E700547F45 /* Frameworks */ = {
			isa = PBXFrameworksBuildPhase;
			buildActionMask = 2147483647;
			files = (
			);
			runOnlyForDeploymentPostprocessing = 0;
		};
		C137F6A9249929E700547F45 /* Frameworks */ = {
			isa = PBXFrameworksBuildPhase;
			buildActionMask = 2147483647;
			files = (
			);
			runOnlyForDeploymentPostprocessing = 0;
		};
/* End PBXFrameworksBuildPhase section */

/* Begin PBXGroup section */
		C137F682249929E400547F45 = {
			isa = PBXGroup;
			children = (
				C137F68D249929E500547F45 /* WorldTrotter */,
				C137F6A4249929E700547F45 /* WorldTrotterTests */,
				C137F6AF249929E700547F45 /* WorldTrotterUITests */,
				C137F68C249929E500547F45 /* Products */,
			);
			sourceTree = "<group>";
		};
		C137F68C249929E500547F45 /* Products */ = {
			isa = PBXGroup;
			children = (
				C137F68B249929E500547F45 /* WorldTrotter.app */,
				C137F6A1249929E700547F45 /* WorldTrotterTests.xctest */,
				C137F6AC249929E700547F45 /* WorldTrotterUITests.xctest */,
			);
			name = Products;
			sourceTree = "<group>";
		};
		C137F68D249929E500547F45 /* WorldTrotter */ = {
			isa = PBXGroup;
			children = (
				C137F68E249929E500547F45 /* AppDelegate.swift */,
				C137F690249929E500547F45 /* SceneDelegate.swift */,
				C137F692249929E500547F45 /* ConversionViewController.swift */,
				C137F694249929E500547F45 /* Main.storyboard */,
				C137F6BE2499808100547F45 /* MapViewController.swift */,
				C137F697249929E600547F45 /* Assets.xcassets */,
				C137F699249929E600547F45 /* LaunchScreen.storyboard */,
				C137F69C249929E600547F45 /* Info.plist */,
			);
			path = WorldTrotter;
			sourceTree = "<group>";
		};
		C137F6A4249929E700547F45 /* WorldTrotterTests */ = {
			isa = PBXGroup;
			children = (
				C137F6A5249929E700547F45 /* WorldTrotterTests.swift */,
				C137F6A7249929E700547F45 /* Info.plist */,
			);
			path = WorldTrotterTests;
			sourceTree = "<group>";
		};
		C137F6AF249929E700547F45 /* WorldTrotterUITests */ = {
			isa = PBXGroup;
			children = (
				C137F6B0249929E700547F45 /* WorldTrotterUITests.swift */,
				C137F6B2249929E700547F45 /* Info.plist */,
			);
			path = WorldTrotterUITests;
			sourceTree = "<group>";
		};
/* End PBXGroup section */

/* Begin PBXNativeTarget section */
		C137F68A249929E500547F45 /* WorldTrotter */ = {
			isa = PBXNativeTarget;
			buildConfigurationList = C137F6B5249929E700547F45 /* Build configuration list for PBXNativeTarget "WorldTrotter" */;
			buildPhases = (
				C137F687249929E500547F45 /* Sources */,
				C137F688249929E500547F45 /* Frameworks */,
				C137F689249929E500547F45 /* Resources */,
			);
			buildRules = (
			);
			dependencies = (
			);
			name = WorldTrotter;
			productName = WorldTrotter;
			productReference = C137F68B249929E500547F45 /* WorldTrotter.app */;
			productType = "com.apple.product-type.application";
		};
		C137F6A0249929E700547F45 /* WorldTrotterTests */ = {
			isa = PBXNativeTarget;
			buildConfigurationList = C137F6B8249929E700547F45 /* Build configuration list for PBXNativeTarget "WorldTrotterTests" */;
			buildPhases = (
				C137F69D249929E700547F45 /* Sources */,
				C137F69E249929E700547F45 /* Frameworks */,
				C137F69F249929E700547F45 /* Resources */,
			);
			buildRules = (
			);
			dependencies = (
				C137F6A3249929E700547F45 /* PBXTargetDependency */,
			);
			name = WorldTrotterTests;
			productName = WorldTrotterTests;
			productReference = C137F6A1249929E700547F45 /* WorldTrotterTests.xctest */;
			productType = "com.apple.product-type.bundle.unit-test";
		};
		C137F6AB249929E700547F45 /* WorldTrotterUITests */ = {
			isa = PBXNativeTarget;
			buildConfigurationList = C137F6BB249929E700547F45 /* Build configuration list for PBXNativeTarget "WorldTrotterUITests" */;
			buildPhases = (
				C137F6A8249929E700547F45 /* Sources */,
				C137F6A9249929E700547F45 /* Frameworks */,
				C137F6AA249929E700547F45 /* Resources */,
			);
			buildRules = (
			);
			dependencies = (
				C137F6AE249929E700547F45 /* PBXTargetDependency */,
			);
			name = WorldTrotterUITests;
			productName = WorldTrotterUITests;
			productReference = C137F6AC249929E700547F45 /* WorldTrotterUITests.xctest */;
			productType = "com.apple.product-type.bundle.ui-testing";
		};
/* End PBXNativeTarget section */

/* Begin PBXProject section */
		C137F683249929E400547F45 /* Project object */ = {
			isa = PBXProject;
			attributes = {
				LastSwiftUpdateCheck = 1150;
				LastUpgradeCheck = 1150;
				ORGANIZATIONNAME = "Reddy Tintaya Conde";
				TargetAttributes = {
					C137F68A249929E500547F45 = {
						CreatedOnToolsVersion = 11.5;
					};
					C137F6A0249929E700547F45 = {
						CreatedOnToolsVersion = 11.5;
						TestTargetID = C137F68A249929E500547F45;
					};
					C137F6AB249929E700547F45 = {
						CreatedOnToolsVersion = 11.5;
						TestTargetID = C137F68A249929E500547F45;
					};
				};
			};
			buildConfigurationList = C137F686249929E400547F45 /* Build configuration list for PBXProject "WorldTrotter" */;
			compatibilityVersion = "Xcode 9.3";
			developmentRegion = en;
			hasScannedForEncodings = 0;
			knownRegions = (
				en,
				Base,
			);
			mainGroup = C137F682249929E400547F45;
			productRefGroup = C137F68C249929E500547F45 /* Products */;
			projectDirPath = "";
			projectRoot = "";
			targets = (
				C137F68A249929E500547F45 /* WorldTrotter */,
				C137F6A0249929E700547F45 /* WorldTrotterTests */,
				C137F6AB249929E700547F45 /* WorldTrotterUITests */,
			);
		};
/* End PBXProject section */

/* Begin PBXResourcesBuildPhase section */
		C137F689249929E500547F45 /* Resources */ = {
			isa = PBXResourcesBuildPhase;
			buildActionMask = 2147483647;
			files = (
				C137F69B249929E600547F45 /* LaunchScreen.storyboard in Resources */,
				C137F698249929E600547F45 /* Assets.xcassets in Resources */,
				C137F696249929E500547F45 /* Main.storyboard in Resources */,
			);
			runOnlyForDeploymentPostprocessing = 0;
		};
		C137F69F249929E700547F45 /* Resources */ = {
			isa = PBXResourcesBuildPhase;
			buildActionMask = 2147483647;
			files = (
			);
			runOnlyForDeploymentPostprocessing = 0;
		};
		C137F6AA249929E700547F45 /* Resources */ = {
			isa = PBXResourcesBuildPhase;
			buildActionMask = 2147483647;
			files = (
			);
			runOnlyForDeploymentPostprocessing = 0;
		};
/* End PBXResourcesBuildPhase section */

/* Begin PBXSourcesBuildPhase section */
		C137F687249929E500547F45 /* Sources */ = {
			isa = PBXSourcesBuildPhase;
			buildActionMask = 2147483647;
			files = (
				C137F693249929E500547F45 /* ConversionViewController.swift in Sources */,
				C137F68F249929E500547F45 /* AppDelegate.swift in Sources */,
				C137F691249929E500547F45 /* SceneDelegate.swift in Sources */,
				C137F6BF2499808100547F45 /* MapViewController.swift in Sources */,
			);
			runOnlyForDeploymentPostprocessing = 0;
		};
		C137F69D249929E700547F45 /* Sources */ = {
			isa = PBXSourcesBuildPhase;
			buildActionMask = 2147483647;
			files = (
				C137F6A6249929E700547F45 /* WorldTrotterTests.swift in Sources */,
			);
			runOnlyForDeploymentPostprocessing = 0;
		};
		C137F6A8249929E700547F45 /* Sources */ = {
			isa = PBXSourcesBuildPhase;
			buildActionMask = 2147483647;
			files = (
				C137F6B1249929E700547F45 /* WorldTrotterUITests.swift in Sources */,
			);
			runOnlyForDeploymentPostprocessing = 0;
		};
/* End PBXSourcesBuildPhase section */

/* Begin PBXTargetDependency section */
		C137F6A3249929E700547F45 /* PBXTargetDependency */ = {
			isa = PBXTargetDependency;
			target = C137F68A249929E500547F45 /* WorldTrotter */;
			targetProxy = C137F6A2249929E700547F45 /* PBXContainerItemProxy */;
		};
		C137F6AE249929E700547F45 /* PBXTargetDependency */ = {
			isa = PBXTargetDependency;
			target = C137F68A249929E500547F45 /* WorldTrotter */;
			targetProxy = C137F6AD249929E700547F45 /* PBXContainerItemProxy */;
		};
/* End PBXTargetDependency section */

/* Begin PBXVariantGroup section */
		C137F694249929E500547F45 /* Main.storyboard */ = {
			isa = PBXVariantGroup;
			children = (
				C137F695249929E500547F45 /* Base */,
			);
			name = Main.storyboard;
			sourceTree = "<group>";
		};
		C137F699249929E600547F45 /* LaunchScreen.storyboard */ = {
			isa = PBXVariantGroup;
			children = (
				C137F69A249929E600547F45 /* Base */,
			);
			name = LaunchScreen.storyboard;
			sourceTree = "<group>";
		};
/* End PBXVariantGroup section */

/* Begin XCBuildConfiguration section */
		C137F6B3249929E700547F45 /* Debug */ = {
			isa = XCBuildConfiguration;
			buildSettings = {
				ALWAYS_SEARCH_USER_PATHS = NO;
				CLANG_ANALYZER_NONNULL = YES;
				CLANG_ANALYZER_NUMBER_OBJECT_CONVERSION = YES_AGGRESSIVE;
				CLANG_CXX_LANGUAGE_STANDARD = "gnu++14";
				CLANG_CXX_LIBRARY = "libc++";
				CLANG_ENABLE_MODULES = YES;
				CLANG_ENABLE_OBJC_ARC = YES;
				CLANG_ENABLE_OBJC_WEAK = YES;
				CLANG_WARN_BLOCK_CAPTURE_AUTORELEASING = YES;
				CLANG_WARN_BOOL_CONVERSION = YES;
				CLANG_WARN_COMMA = YES;
				CLANG_WARN_CONSTANT_CONVERSION = YES;
				CLANG_WARN_DEPRECATED_OBJC_IMPLEMENTATIONS = YES;
				CLANG_WARN_DIRECT_OBJC_ISA_USAGE = YES_ERROR;
				CLANG_WARN_DOCUMENTATION_COMMENTS = YES;
				CLANG_WARN_EMPTY_BODY = YES;
				CLANG_WARN_ENUM_CONVERSION = YES;
				CLANG_WARN_INFINITE_RECURSION = YES;
				CLANG_WARN_INT_CONVERSION = YES;
				CLANG_WARN_NON_LITERAL_NULL_CONVERSION = YES;
				CLANG_WARN_OBJC_IMPLICIT_RETAIN_SELF = YES;
				CLANG_WARN_OBJC_LITERAL_CONVERSION = YES;
				CLANG_WARN_OBJC_ROOT_CLASS = YES_ERROR;
				CLANG_WARN_RANGE_LOOP_ANALYSIS = YES;
				CLANG_WARN_STRICT_PROTOTYPES = YES;
				CLANG_WARN_SUSPICIOUS_MOVE = YES;
				CLANG_WARN_UNGUARDED_AVAILABILITY = YES_AGGRESSIVE;
				CLANG_WARN_UNREACHABLE_CODE = YES;
				CLANG_WARN__DUPLICATE_METHOD_MATCH = YES;
				COPY_PHASE_STRIP = NO;
				DEBUG_INFORMATION_FORMAT = dwarf;
				ENABLE_STRICT_OBJC_MSGSEND = YES;
				ENABLE_TESTABILITY = YES;
				GCC_C_LANGUAGE_STANDARD = gnu11;
				GCC_DYNAMIC_NO_PIC = NO;
				GCC_NO_COMMON_BLOCKS = YES;
				GCC_OPTIMIZATION_LEVEL = 0;
				GCC_PREPROCESSOR_DEFINITIONS = (
					"DEBUG=1",
					"$(inherited)",
				);
				GCC_WARN_64_TO_32_BIT_CONVERSION = YES;
				GCC_WARN_ABOUT_RETURN_TYPE = YES_ERROR;
				GCC_WARN_UNDECLARED_SELECTOR = YES;
				GCC_WARN_UNINITIALIZED_AUTOS = YES_AGGRESSIVE;
				GCC_WARN_UNUSED_FUNCTION = YES;
				GCC_WARN_UNUSED_VARIABLE = YES;
				IPHONEOS_DEPLOYMENT_TARGET = 13.5;
				MTL_ENABLE_DEBUG_INFO = INCLUDE_SOURCE;
				MTL_FAST_MATH = YES;
				ONLY_ACTIVE_ARCH = YES;
				SDKROOT = iphoneos;
				SWIFT_ACTIVE_COMPILATION_CONDITIONS = DEBUG;
				SWIFT_OPTIMIZATION_LEVEL = "-Onone";
			};
			name = Debug;
		};
		C137F6B4249929E700547F45 /* Release */ = {
			isa = XCBuildConfiguration;
			buildSettings = {
				ALWAYS_SEARCH_USER_PATHS = NO;
				CLANG_ANALYZER_NONNULL = YES;
				CLANG_ANALYZER_NUMBER_OBJECT_CONVERSION = YES_AGGRESSIVE;
				CLANG_CXX_LANGUAGE_STANDARD = "gnu++14";
				CLANG_CXX_LIBRARY = "libc++";
				CLANG_ENABLE_MODULES = YES;
				CLANG_ENABLE_OBJC_ARC = YES;
				CLANG_ENABLE_OBJC_WEAK = YES;
				CLANG_WARN_BLOCK_CAPTURE_AUTORELEASING = YES;
				CLANG_WARN_BOOL_CONVERSION = YES;
				CLANG_WARN_COMMA = YES;
				CLANG_WARN_CONSTANT_CONVERSION = YES;
				CLANG_WARN_DEPRECATED_OBJC_IMPLEMENTATIONS = YES;
				CLANG_WARN_DIRECT_OBJC_ISA_USAGE = YES_ERROR;
				CLANG_WARN_DOCUMENTATION_COMMENTS = YES;
				CLANG_WARN_EMPTY_BODY = YES;
				CLANG_WARN_ENUM_CONVERSION = YES;
				CLANG_WARN_INFINITE_RECURSION = YES;
				CLANG_WARN_INT_CONVERSION = YES;
				CLANG_WARN_NON_LITERAL_NULL_CONVERSION = YES;
				CLANG_WARN_OBJC_IMPLICIT_RETAIN_SELF = YES;
				CLANG_WARN_OBJC_LITERAL_CONVERSION = YES;
				CLANG_WARN_OBJC_ROOT_CLASS = YES_ERROR;
				CLANG_WARN_RANGE_LOOP_ANALYSIS = YES;
				CLANG_WARN_STRICT_PROTOTYPES = YES;
				CLANG_WARN_SUSPICIOUS_MOVE = YES;
				CLANG_WARN_UNGUARDED_AVAILABILITY = YES_AGGRESSIVE;
				CLANG_WARN_UNREACHABLE_CODE = YES;
				CLANG_WARN__DUPLICATE_METHOD_MATCH = YES;
				COPY_PHASE_STRIP = NO;
				DEBUG_INFORMATION_FORMAT = "dwarf-with-dsym";
				ENABLE_NS_ASSERTIONS = NO;
				ENABLE_STRICT_OBJC_MSGSEND = YES;
				GCC_C_LANGUAGE_STANDARD = gnu11;
				GCC_NO_COMMON_BLOCKS = YES;
				GCC_WARN_64_TO_32_BIT_CONVERSION = YES;
				GCC_WARN_ABOUT_RETURN_TYPE = YES_ERROR;
				GCC_WARN_UNDECLARED_SELECTOR = YES;
				GCC_WARN_UNINITIALIZED_AUTOS = YES_AGGRESSIVE;
				GCC_WARN_UNUSED_FUNCTION = YES;
				GCC_WARN_UNUSED_VARIABLE = YES;
				IPHONEOS_DEPLOYMENT_TARGET = 13.5;
				MTL_ENABLE_DEBUG_INFO = NO;
				MTL_FAST_MATH = YES;
				SDKROOT = iphoneos;
				SWIFT_COMPILATION_MODE = wholemodule;
				SWIFT_OPTIMIZATION_LEVEL = "-O";
				VALIDATE_PRODUCT = YES;
			};
			name = Release;
		};
		C137F6B6249929E700547F45 /* Debug */ = {
			isa = XCBuildConfiguration;
			buildSettings = {
				ASSETCATALOG_COMPILER_APPICON_NAME = AppIcon;
				CODE_SIGN_STYLE = Automatic;
				DEVELOPMENT_TEAM = J7D7XDBHQ4;
				INFOPLIST_FILE = WorldTrotter/Info.plist;
				LD_RUNPATH_SEARCH_PATHS = (
					"$(inherited)",
					"@executable_path/Frameworks",
				);
				PRODUCT_BUNDLE_IDENTIFIER = com.reddy.WorldTrotter;
				PRODUCT_NAME = "$(TARGET_NAME)";
				SWIFT_VERSION = 5.0;
				TARGETED_DEVICE_FAMILY = "1,2";
			};
			name = Debug;
		};
		C137F6B7249929E700547F45 /* Release */ = {
			isa = XCBuildConfiguration;
			buildSettings = {
				ASSETCATALOG_COMPILER_APPICON_NAME = AppIcon;
				CODE_SIGN_STYLE = Automatic;
				DEVELOPMENT_TEAM = J7D7XDBHQ4;
				INFOPLIST_FILE = WorldTrotter/Info.plist;
				LD_RUNPATH_SEARCH_PATHS = (
					"$(inherited)",
					"@executable_path/Frameworks",
				);
				PRODUCT_BUNDLE_IDENTIFIER = com.reddy.WorldTrotter;
				PRODUCT_NAME = "$(TARGET_NAME)";
				SWIFT_VERSION = 5.0;
				TARGETED_DEVICE_FAMILY = "1,2";
			};
			name = Release;
		};
		C137F6B9249929E700547F45 /* Debug */ = {
			isa = XCBuildConfiguration;
			buildSettings = {
				ALWAYS_EMBED_SWIFT_STANDARD_LIBRARIES = YES;
				BUNDLE_LOADER = "$(TEST_HOST)";
				CODE_SIGN_STYLE = Automatic;
				DEVELOPMENT_TEAM = J7D7XDBHQ4;
				INFOPLIST_FILE = WorldTrotterTests/Info.plist;
				IPHONEOS_DEPLOYMENT_TARGET = 13.5;
				LD_RUNPATH_SEARCH_PATHS = (
					"$(inherited)",
					"@executable_path/Frameworks",
					"@loader_path/Frameworks",
				);
				PRODUCT_BUNDLE_IDENTIFIER = com.reddy.WorldTrotterTests;
				PRODUCT_NAME = "$(TARGET_NAME)";
				SWIFT_VERSION = 5.0;
				TARGETED_DEVICE_FAMILY = "1,2";
				TEST_HOST = "$(BUILT_PRODUCTS_DIR)/WorldTrotter.app/WorldTrotter";
			};
			name = Debug;
		};
		C137F6BA249929E700547F45 /* Release */ = {
			isa = XCBuildConfiguration;
			buildSettings = {
				ALWAYS_EMBED_SWIFT_STANDARD_LIBRARIES = YES;
				BUNDLE_LOADER = "$(TEST_HOST)";
				CODE_SIGN_STYLE = Automatic;
				DEVELOPMENT_TEAM = J7D7XDBHQ4;
				INFOPLIST_FILE = WorldTrotterTests/Info.plist;
				IPHONEOS_DEPLOYMENT_TARGET = 13.5;
				LD_RUNPATH_SEARCH_PATHS = (
					"$(inherited)",
					"@executable_path/Frameworks",
					"@loader_path/Frameworks",
				);
				PRODUCT_BUNDLE_IDENTIFIER = com.reddy.WorldTrotterTests;
				PRODUCT_NAME = "$(TARGET_NAME)";
				SWIFT_VERSION = 5.0;
				TARGETED_DEVICE_FAMILY = "1,2";
				TEST_HOST = "$(BUILT_PRODUCTS_DIR)/WorldTrotter.app/WorldTrotter";
			};
			name = Release;
		};
		C137F6BC249929E700547F45 /* Debug */ = {
			isa = XCBuildConfiguration;
			buildSettings = {
				ALWAYS_EMBED_SWIFT_STANDARD_LIBRARIES = YES;
				CODE_SIGN_STYLE = Automatic;
				DEVELOPMENT_TEAM = J7D7XDBHQ4;
				INFOPLIST_FILE = WorldTrotterUITests/Info.plist;
				LD_RUNPATH_SEARCH_PATHS = (
					"$(inherited)",
					"@executable_path/Frameworks",
					"@loader_path/Frameworks",
				);
				PRODUCT_BUNDLE_IDENTIFIER = com.reddy.WorldTrotterUITests;
				PRODUCT_NAME = "$(TARGET_NAME)";
				SWIFT_VERSION = 5.0;
				TARGETED_DEVICE_FAMILY = "1,2";
				TEST_TARGET_NAME = WorldTrotter;
			};
			name = Debug;
		};
		C137F6BD249929E700547F45 /* Release */ = {
			isa = XCBuildConfiguration;
			buildSettings = {
				ALWAYS_EMBED_SWIFT_STANDARD_LIBRARIES = YES;
				CODE_SIGN_STYLE = Automatic;
				DEVELOPMENT_TEAM = J7D7XDBHQ4;
				INFOPLIST_FILE = WorldTrotterUITests/Info.plist;
				LD_RUNPATH_SEARCH_PATHS = (
					"$(inherited)",
					"@executable_path/Frameworks",
					"@loader_path/Frameworks",
				);
				PRODUCT_BUNDLE_IDENTIFIER = com.reddy.WorldTrotterUITests;
				PRODUCT_NAME = "$(TARGET_NAME)";
				SWIFT_VERSION = 5.0;
				TARGETED_DEVICE_FAMILY = "1,2";
				TEST_TARGET_NAME = WorldTrotter;
			};
			name = Release;
		};
/* End XCBuildConfiguration section */

/* Begin XCConfigurationList section */
		C137F686249929E400547F45 /* Build configuration list for PBXProject "WorldTrotter" */ = {
			isa = XCConfigurationList;
			buildConfigurations = (
				C137F6B3249929E700547F45 /* Debug */,
				C137F6B4249929E700547F45 /* Release */,
			);
			defaultConfigurationIsVisible = 0;
			defaultConfigurationName = Release;
		};
		C137F6B5249929E700547F45 /* Build configuration list for PBXNativeTarget "WorldTrotter" */ = {
			isa = XCConfigurationList;
			buildConfigurations = (
				C137F6B6249929E700547F45 /* Debug */,
				C137F6B7249929E700547F45 /* Release */,
			);
			defaultConfigurationIsVisible = 0;
			defaultConfigurationName = Release;
		};
		C137F6B8249929E700547F45 /* Build configuration list for PBXNativeTarget "WorldTrotterTests" */ = {
			isa = XCConfigurationList;
			buildConfigurations = (
				C137F6B9249929E700547F45 /* Debug */,
				C137F6BA249929E700547F45 /* Release */,
			);
			defaultConfigurationIsVisible = 0;
			defaultConfigurationName = Release;
		};
		C137F6BB249929E700547F45 /* Build configuration list for PBXNativeTarget "WorldTrotterUITests" */ = {
			isa = XCConfigurationList;
			buildConfigurations = (
				C137F6BC249929E700547F45 /* Debug */,
				C137F6BD249929E700547F45 /* Release */,
			);
			defaultConfigurationIsVisible = 0;
			defaultConfigurationName = Release;
		};
/* End XCConfigurationList section */
	};
	rootObject = C137F683249929E400547F45 /* Project object */;
}
